dependencies:
  espressif/esp_tinyusb:
    component_hash: 68acc21eb256091ce949605bd6f5ec0ec90a7d05536c06b104de520ee7e2e146
    source:
      service_url: https://api.components.espressif.com/
      type: service
    version: 1.4.0
  espressif/tinyusb:
    component_hash: d8d4686eb539a8c9b3689c07df119113ffc2c438606cc633c56aa335fc2e9579
    source:
      service_url: https://api.components.espressif.com/
      type: service
    version: 0.15.0~2
  idf:
    component_hash: null
    source:
      type: idf
    version: 5.2.0
  joltwallet/littlefs:
    component_hash: 69ffc34bc0b0180754e1c1ab906d8c942dbea31f961cbc0ae8bc6d80f2c7221d
    source:
      service_url: https://api.components.espressif.com/
      type: service
    version: 1.5.2
manifest_hash: 906f2c2574fe012b97c3e6f244f21478e94f300c4e5aac250c90ddf7b939b093
target: esp32s3
version: 1.0.0
